
Microsoft Visual Studio Solution File, Format Version 12.00
# Visual Studio Version 17
VisualStudioVersion = 17.2.32616.157
MinimumVisualStudioVersion = 10.0.40219.1
Project("{9A19103F-16F7-4668-BE54-9A1E7A4F7556}") = "CalcWorkTime", "CalcWorkTime.csproj", "{621616DA-663F-4985-A394-6F694F01C0CB}"
EndProject
Project("{54435603-DBB4-11D2-8724-00A0C9A8B90C}") = "CalcWorkTimeSetup", "..\CalcWorkTimeSetup\CalcWorkTimeSetup.vdproj", "{36976778-1A1C-44DD-A659-9375FB40A34A}"
EndProject
Global
	GlobalSection(SolutionConfigurationPlatforms) = preSolution
		Debug|Any CPU = Debug|Any CPU
		Debug|ARM32 = Debug|ARM32
		Debug|ARM64 = Debug|ARM64
		Debug|x64 = Debug|x64
		Debug|x86 = Debug|x86
		Release|Any CPU = Release|Any CPU
		Release|ARM32 = Release|ARM32
		Release|ARM64 = Release|ARM64
		Release|x64 = Release|x64
		Release|x86 = Release|x86
	EndGlobalSection
	GlobalSection(ProjectConfigurationPlatforms) = postSolution
		{621616DA-663F-4985-A394-6F694F01C0CB}.Debug|Any CPU.ActiveCfg = Debug|Any CPU
		{621616DA-663F-4985-A394-6F694F01C0CB}.Debug|Any CPU.Build.0 = Debug|Any CPU
		{621616DA-663F-4985-A394-6F694F01C0CB}.Debug|ARM32.ActiveCfg = Debug|ARM32
		{621616DA-663F-4985-A394-6F694F01C0CB}.Debug|ARM32.Build.0 = Debug|ARM32
		{621616DA-663F-4985-A394-6F694F01C0CB}.Debug|ARM64.ActiveCfg = Debug|ARM64
		{621616DA-663F-4985-A394-6F694F01C0CB}.Debug|ARM64.Build.0 = Debug|ARM64
		{621616DA-663F-4985-A394-6F694F01C0CB}.Debug|x64.ActiveCfg = Debug|x64
		{621616DA-663F-4985-A394-6F694F01C0CB}.Debug|x64.Build.0 = Debug|x64
		{621616DA-663F-4985-A394-6F694F01C0CB}.Debug|x86.ActiveCfg = Debug|x86
		{621616DA-663F-4985-A394-6F694F01C0CB}.Debug|x86.Build.0 = Debug|x86
		{621616DA-663F-4985-A394-6F694F01C0CB}.Release|Any CPU.ActiveCfg = Release|Any CPU
		{621616DA-663F-4985-A394-6F694F01C0CB}.Release|Any CPU.Build.0 = Release|Any CPU
		{621616DA-663F-4985-A394-6F694F01C0CB}.Release|ARM32.ActiveCfg = Release|ARM32
		{621616DA-663F-4985-A394-6F694F01C0CB}.Release|ARM32.Build.0 = Release|ARM32
		{621616DA-663F-4985-A394-6F694F01C0CB}.Release|ARM64.ActiveCfg = Release|ARM64
		{621616DA-663F-4985-A394-6F694F01C0CB}.Release|ARM64.Build.0 = Release|ARM64
		{621616DA-663F-4985-A394-6F694F01C0CB}.Release|x64.ActiveCfg = Release|x64
		{621616DA-663F-4985-A394-6F694F01C0CB}.Release|x64.Build.0 = Release|x64
		{621616DA-663F-4985-A394-6F694F01C0CB}.Release|x86.ActiveCfg = Release|x86
		{621616DA-663F-4985-A394-6F694F01C0CB}.Release|x86.Build.0 = Release|x86
		{36976778-1A1C-44DD-A659-9375FB40A34A}.Debug|Any CPU.ActiveCfg = Debug
		{36976778-1A1C-44DD-A659-9375FB40A34A}.Debug|ARM32.ActiveCfg = Debug
		{36976778-1A1C-44DD-A659-9375FB40A34A}.Debug|ARM64.ActiveCfg = Debug
		{36976778-1A1C-44DD-A659-9375FB40A34A}.Debug|x64.ActiveCfg = Debug
		{36976778-1A1C-44DD-A659-9375FB40A34A}.Debug|x86.ActiveCfg = Debug
		{36976778-1A1C-44DD-A659-9375FB40A34A}.Release|Any CPU.ActiveCfg = Release
		{36976778-1A1C-44DD-A659-9375FB40A34A}.Release|ARM32.ActiveCfg = Release
		{36976778-1A1C-44DD-A659-9375FB40A34A}.Release|ARM64.ActiveCfg = Release
		{36976778-1A1C-44DD-A659-9375FB40A34A}.Release|x64.ActiveCfg = Release
		{36976778-1A1C-44DD-A659-9375FB40A34A}.Release|x86.ActiveCfg = Release
	EndGlobalSection
	GlobalSection(SolutionProperties) = preSolution
		HideSolutionNode = FALSE
	EndGlobalSection
	GlobalSection(ExtensibilityGlobals) = postSolution
		SolutionGuid = {9466D137-97E8-4DF9-9A7D-7A7007B5D6EF}
	EndGlobalSection
EndGlobal
